
Microsoft Visual Studio Solution File, Format Version 12.00
# Visual Studio Version 17
VisualStudioVersion = 17.7.34031.279
MinimumVisualStudioVersion = 10.0.40219.1
Project("{FAE04EC0-301F-11D3-BF4B-00C04F79EFBC}") = "Days to exam", "Days to exam\Days to exam.csproj", "{21A44A89-5237-4C00-B01D-DDF2B7D64DEB}"
EndProject
Global
	GlobalSection(SolutionConfigurationPlatforms) = preSolution
		Debug|Any CPU = Debug|Any CPU
		Release|Any CPU = Release|Any CPU
	EndGlobalSection
	GlobalSection(ProjectConfigurationPlatforms) = postSolution
		{21A44A89-5237-4C00-B01D-DDF2B7D64DEB}.Debug|Any CPU.ActiveCfg = Debug|Any CPU
		{21A44A89-5237-4C00-B01D-DDF2B7D64DEB}.Debug|Any CPU.Build.0 = Debug|Any CPU
		{21A44A89-5237-4C00-B01D-DDF2B7D64DEB}.Release|Any CPU.ActiveCfg = Release|Any CPU
		{21A44A89-5237-4C00-B01D-DDF2B7D64DEB}.Release|Any CPU.Build.0 = Release|Any CPU
	EndGlobalSection
	GlobalSection(SolutionProperties) = preSolution
		HideSolutionNode = FALSE
	EndGlobalSection
	GlobalSection(ExtensibilityGlobals) = postSolution
		SolutionGuid = {C9EBD7CB-9080-43B4-A885-A77C5BB963E9}
	EndGlobalSection
EndGlobal
